lockfileVersion: '6.0'

settings:
  autoInstallPeers: true
  excludeLinksFromLockfile: false

devDependencies:
  '@rollup/plugin-commonjs':
    specifier: ^11.1.0
    version: 11.1.0(rollup@2.79.1)
  '@rollup/plugin-json':
    specifier: ^4.1.0
    version: 4.1.0(rollup@2.79.1)
  '@rollup/plugin-node-resolve':
    specifier: ^7.1.3
    version: 7.1.3(rollup@2.79.1)
  rollup:
    specifier: ^2.26.8
    version: 2.79.1
  rollup-plugin-svelte:
    specifier: ^5.2.3
    version: 5.2.3(rollup@2.79.1)(svelte@3.49.0)
  sirv-cli:
    specifier: ^1.0.11
    version: 1.0.14
  svelte:
    specifier: ^3.49.0
    version: 3.49.0

packages:

  /@polka/url@1.0.0-next.21:
    resolution: {integrity: sha512-a5Sab1C4/icpTZVzZc5Ghpz88yQtGOyNqYXcZgOssB2uuAr+wF/MvN6bgtW32q7HHrvBki+BsZ0OuNv6EV3K9g==}
    dev: true

  /@rollup/plugin-commonjs@11.1.0(rollup@2.79.1):
    resolution: {integrity: sha512-Ycr12N3ZPN96Fw2STurD21jMqzKwL9QuFhms3SD7KKRK7oaXUsBU9Zt0jL/rOPHiPYisI21/rXGO3jr9BnLHUA==}
    engines: {node: '>= 8.0.0'}
    peerDependencies:
      rollup: ^1.20.0||^2.0.0
    dependencies:
      '@rollup/pluginutils': 3.0.8(rollup@2.79.1)
      commondir: 1.0.1
      estree-walker: 1.0.1
      glob: 7.2.3
      is-reference: 1.1.4
      magic-string: 0.25.7
      resolve: 1.15.1
      rollup: 2.79.1
    dev: true

  /@rollup/plugin-json@4.1.0(rollup@2.79.1):
    resolution: {integrity: sha512-yfLbTdNS6amI/2OpmbiBoW12vngr5NW2jCJVZSBEz+H5KfUJZ2M7sDjk0U6GOOdCWFVScShte29o9NezJ53TPw==}
    peerDependencies:
      rollup: ^1.20.0 || ^2.0.0
    dependencies:
      '@rollup/pluginutils': 3.0.8(rollup@2.79.1)
      rollup: 2.79.1
    dev: true

  /@rollup/plugin-node-resolve@7.1.3(rollup@2.79.1):
    resolution: {integrity: sha512-RxtSL3XmdTAE2byxekYLnx+98kEUOrPHF/KRVjLH+DEIHy6kjIw7YINQzn+NXiH/NTrQLAwYs0GWB+csWygA9Q==}
    engines: {node: '>= 8.0.0'}
    peerDependencies:
      rollup: ^1.20.0||^2.0.0
    dependencies:
      '@rollup/pluginutils': 3.0.8(rollup@2.79.1)
      '@types/resolve': 0.0.8
      builtin-modules: 3.1.0
      is-module: 1.0.0
      resolve: 1.15.1
      rollup: 2.79.1
    dev: true

  /@rollup/pluginutils@3.0.8(rollup@2.79.1):
    resolution: {integrity: sha512-rYGeAc4sxcZ+kPG/Tw4/fwJODC3IXHYDH4qusdN/b6aLw5LPUbzpecYbEJh4sVQGPFJxd2dBU4kc1H3oy9/bnw==}
    engines: {node: '>= 8.0.0'}
    peerDependencies:
      rollup: ^1.20.0
    dependencies:
      estree-walker: 1.0.1
      rollup: 2.79.1
    dev: true

  /@types/estree@0.0.39:
    resolution: {integrity: sha512-EYNwp3bU+98cpU4lAWYYL7Zz+2gryWH1qbdDTidVd6hkiR6weksdbMadyXKXNPEkQFhXM+hVO9ZygomHXp+AIw==}
    dev: true

  /@types/node@13.11.0:
    resolution: {integrity: sha512-uM4mnmsIIPK/yeO+42F2RQhGUIs39K2RFmugcJANppXe6J1nvH87PvzPZYpza7Xhhs8Yn9yIAVdLZ84z61+0xQ==}
    dev: true

  /@types/resolve@0.0.8:
    resolution: {integrity: sha512-auApPaJf3NPfe18hSoJkp8EbZzer2ISk7o8mCC3M9he/a04+gbMF97NkpD2S8riMGvm4BMRI59/SZQSaLTKpsQ==}
    dependencies:
      '@types/node': 13.11.0
    dev: true

  /balanced-match@1.0.2:
    resolution: {integrity: sha512-3oSeUO0TMV67hN1AmbXsK4yaqU7tjiHlbxRDZOpH0KW9+CeX4bRAaX0Anxt0tx2MrpRpWwQaPwIlISEJhYU5Pw==}
    dev: true

  /brace-expansion@1.1.11:
    resolution: {integrity: sha512-iCuPHDFgrHX7H2vEI/5xpz07zSHB00TpugqhmYtVmMO6518mCuRMoOYFldEBl0g187ufozdaHgWKcYFb61qGiA==}
    dependencies:
      balanced-match: 1.0.2
      concat-map: 0.0.1
    dev: true

  /builtin-modules@3.1.0:
    resolution: {integrity: sha512-k0KL0aWZuBt2lrxrcASWDfwOLMnodeQjodT/1SxEQAXsHANgo6ZC/VEaSEHCXt7aSTZ4/4H5LKa+tBXmW7Vtvw==}
    engines: {node: '>=6'}
    dev: true

  /commondir@1.0.1:
    resolution: {integrity: sha512-W9pAhw0ja1Edb5GVdIF1mjZw/ASI0AlShXM83UUGe2DVr5TdAPEA1OA8m/g8zWp9x6On7gqufY+FatDbC3MDQg==}
    dev: true

  /concat-map@0.0.1:
    resolution: {integrity: sha512-/Srv4dswyQNBfohGpz9o6Yb3Gz3SrUDqBH5rTuhGR7ahtlbYKnVxw2bCFMRljaA7EXHaXZ8wsHdodFvbkhKmqg==}
    dev: true

  /console-clear@1.1.1:
    resolution: {integrity: sha512-pMD+MVR538ipqkG5JXeOEbKWS5um1H4LUUccUQG68qpeqBYbzYy79Gh55jkd2TtPdRfUaLWdv6LPP//5Zt0aPQ==}
    engines: {node: '>=4'}
    dev: true

  /estree-walker@0.6.1:
    resolution: {integrity: sha512-SqmZANLWS0mnatqbSfRP5g8OXZC12Fgg1IwNtLsyHDzJizORW4khDfjPqJZsemPWBB2uqykUah5YpQ6epsqC/w==}
    dev: true

  /estree-walker@1.0.1:
    resolution: {integrity: sha512-1fMXF3YP4pZZVozF8j/ZLfvnR8NSIljt56UhbZ5PeeDmmGHpgpdwQt7ITlGvYaQukCvuBRMLEiKiYC+oeIg4cg==}
    dev: true

  /fs.realpath@1.0.0:
    resolution: {integrity: sha512-OO0pH2lK6a0hZnAdau5ItzHPI6pUlvI7jMVnxUQRtw4owF2wk8lOSabtGDCTP4Ggrg2MbGnWO9X8K1t4+fGMDw==}
    dev: true

  /fsevents@2.3.2:
    resolution: {integrity: sha512-xiqMQR4xAeHTuB9uWm+fFRcIOgKBMiOBP+eXiyT7jsgVCq1bkVygt00oASowB7EdtpOHaaPgKt812P9ab+DDKA==}
    engines: {node: ^8.16.0 || ^10.6.0 || >=11.0.0}
    os: [darwin]
    requiresBuild: true
    dev: true
    optional: true

  /get-port@3.2.0:
    resolution: {integrity: sha512-x5UJKlgeUiNT8nyo/AcnwLnZuZNcSjSw0kogRB+Whd1fjjFq4B1hySFxSFWWSn4mIBzg3sRNUDFYc4g5gjPoLg==}
    engines: {node: '>=4'}
    dev: true

  /glob@7.2.3:
    resolution: {integrity: sha512-nFR0zLpU2YCaRxwoCJvL6UvCH2JFyFVIvwTLsIf21AuHlMskA1hhTdk+LlYJtOlYt9v6dvszD2BGRqBL+iQK9Q==}
    dependencies:
      fs.realpath: 1.0.0
      inflight: 1.0.6
      inherits: 2.0.4
      minimatch: 3.1.2
      once: 1.4.0
      path-is-absolute: 1.0.1
    dev: true

  /inflight@1.0.6:
    resolution: {integrity: sha512-k92I/b08q4wvFscXCLvqfsHCrjrF7yiXsQuIVvVE7N82W3+aqpzuUdBbfhWcy/FZR3/4IgflMgKLOsvPDrGCJA==}
    dependencies:
      once: 1.4.0
      wrappy: 1.0.2
    dev: true

  /inherits@2.0.4:
    resolution: {integrity: sha512-k/vGaX4/Yla3WzyMCvTQOXYeIHvqOKtnqBduzTHpzpQZzAskKMhZ2K+EnBiSM9zGSoIFeMpXKxa4dYeZIQqewQ==}
    dev: true

  /is-module@1.0.0:
    resolution: {integrity: sha512-51ypPSPCoTEIN9dy5Oy+h4pShgJmPCygKfyRCISBI+JoWT/2oJvK8QPxmwv7b/p239jXrm9M1mlQbyKJ5A152g==}
    dev: true

  /is-reference@1.1.4:
    resolution: {integrity: sha512-uJA/CDPO3Tao3GTrxYn6AwkM4nUPJiGGYu5+cB8qbC7WGFlrKZbiRo7SFKxUAEpFUfiHofWCXBUNhvYJMh+6zw==}
    dependencies:
      '@types/estree': 0.0.39
    dev: true

  /kleur@3.0.3:
    resolution: {integrity: sha512-eTIzlVOSUR+JxdDFepEYcBMtZ9Qqdef+rnzWdRZuMbOywu5tO2w2N7rqjoANZ5k9vywhL6Br1VRjUIgTQx4E8w==}
    engines: {node: '>=6'}
    dev: true

  /local-access@1.0.1:
    resolution: {integrity: sha512-ykt2pgN0aqIy6KQC1CqdWTWkmUwNgaOS6dcpHVjyBJONA+Xi7AtSB1vuxC/U/0tjIP3wcRudwQk1YYzUvzk2bA==}
    engines: {node: '>=6'}
    dev: true

  /magic-string@0.25.7:
    resolution: {integrity: sha512-4CrMT5DOHTDk4HYDlzmwu4FVCcIYI8gauveasrdCu2IKIFOJ3f0v/8MDGJCDL9oD2ppz/Av1b0Nj345H9M+XIA==}
    dependencies:
      sourcemap-codec: 1.4.8
    dev: true

  /minimatch@3.1.2:
    resolution: {integrity: sha512-J7p63hRiAjw1NDEww1W7i37+ByIrOWO5XQQAzZ3VOcL0PNybwpfmV/N05zFAzwQ9USyEcX6t3UO+K5aqBQOIHw==}
    dependencies:
      brace-expansion: 1.1.11
    dev: true

  /mri@1.1.5:
    resolution: {integrity: sha512-d2RKzMD4JNyHMbnbWnznPaa8vbdlq/4pNZ3IgdaGrVbBhebBsGUUE/6qorTMYNS6TwuH3ilfOlD2bf4Igh8CKg==}
    engines: {node: '>=4'}
    dev: true

  /mrmime@1.0.1:
    resolution: {integrity: sha512-hzzEagAgDyoU1Q6yg5uI+AorQgdvMCur3FcKf7NhMKWsaYg+RnbTyHRa/9IlLF9rf455MOCtcqqrQQ83pPP7Uw==}
    engines: {node: '>=10'}
    dev: true

  /once@1.4.0:
    resolution: {integrity: sha512-lNaJgI+2Q5URQBkccEKHTQOPaXdUxnZZElQTZY0MFUAuaEqe1E+Nyvgdz/aIyNi6Z9MzO5dv1H8n58/GELp3+w==}
    dependencies:
      wrappy: 1.0.2
    dev: true

  /path-is-absolute@1.0.1:
    resolution: {integrity: sha512-AVbw3UJ2e9bq64vSaS9Am0fje1Pa8pbGqTTsmXfaIiMpnr5DlDhfJOuLj9Sf95ZPVDAUerDfEk88MPmPe7UCQg==}
    engines: {node: '>=0.10.0'}
    dev: true

  /path-parse@1.0.6:
    resolution: {integrity: sha512-GSmOT2EbHrINBf9SR7CDELwlJ8AENk3Qn7OikK4nFYAu3Ote2+JYNVvkpAEQm3/TLNEJFD/xZJjzyxg3KBWOzw==}
    dev: true

  /require-relative@0.8.7:
    resolution: {integrity: sha512-AKGr4qvHiryxRb19m3PsLRGuKVAbJLUD7E6eOaHkfKhwc+vSgVOCY5xNvm9EkolBKTOf0GrQAZKLimOCz81Khg==}
    dev: true

  /resolve@1.15.1:
    resolution: {integrity: sha512-84oo6ZTtoTUpjgNEr5SJyzQhzL72gaRodsSfyxC/AXRvwu0Yse9H8eF9IpGo7b8YetZhlI6v7ZQ6bKBFV/6S7w==}
    dependencies:
      path-parse: 1.0.6
    dev: true

  /rollup-plugin-svelte@5.2.3(rollup@2.79.1)(svelte@3.49.0):
    resolution: {integrity: sha512-513vOht9A93OV7fvmpIq8mD1JFgTZ5LidmpULKM2Od9P1l8oI5KwvO32fwCnASuVJS1EkRfvCnS7vKQ8DF4srg==}
    peerDependencies:
      rollup: '>=0.60.0'
      svelte: '*'
    dependencies:
      require-relative: 0.8.7
      rollup: 2.79.1
      rollup-pluginutils: 2.8.2
      sourcemap-codec: 1.4.8
      svelte: 3.49.0
    dev: true

  /rollup-pluginutils@2.8.2:
    resolution: {integrity: sha512-EEp9NhnUkwY8aif6bxgovPHMoMoNr2FulJziTndpt5H9RdwC47GSGuII9XxpSdzVGM0GWrNPHV6ie1LTNJPaLQ==}
    dependencies:
      estree-walker: 0.6.1
    dev: true

  /rollup@2.79.1:
    resolution: {integrity: sha512-uKxbd0IhMZOhjAiD5oAFp7BqvkA4Dv47qpOCtaNvng4HBwdbWtdOh8f5nZNuk2rp51PMGk3bzfWu5oayNEuYnw==}
    engines: {node: '>=10.0.0'}
    hasBin: true
    optionalDependencies:
      fsevents: 2.3.2
    dev: true

  /sade@1.7.3:
    resolution: {integrity: sha512-m4BctppMvJ60W1dXnHq7jMmFe3hPJZDAH85kQ3ACTo7XZNVUuTItCQ+2HfyaMeV5cKrbw7l4vD/6We3GBxvdJw==}
    engines: {node: '>= 6'}
    dependencies:
      mri: 1.1.5
    dev: true

  /semiver@1.1.0:
    resolution: {integrity: sha512-QNI2ChmuioGC1/xjyYwyZYADILWyW6AmS1UH6gDj/SFUUUS4MBAWs/7mxnkRPc/F4iHezDP+O8t0dO8WHiEOdg==}
    engines: {node: '>=6'}
    dev: true

  /sirv-cli@1.0.14:
    resolution: {integrity: sha512-yyUTNr984ANKDloqepkYbBSqvx3buwYg2sQKPWjSU+IBia5loaoka2If8N9CMwt8AfP179cdEl7kYJ//iWJHjQ==}
    engines: {node: '>= 10'}
    hasBin: true
    dependencies:
      console-clear: 1.1.1
      get-port: 3.2.0
      kleur: 3.0.3
      local-access: 1.0.1
      sade: 1.7.3
      semiver: 1.1.0
      sirv: 1.0.19
      tinydate: 1.2.0
    dev: true

  /sirv@1.0.19:
    resolution: {integrity: sha512-JuLThK3TnZG1TAKDwNIqNq6QA2afLOCcm+iE8D1Kj3GA40pSPsxQjjJl0J8X3tsR7T+CP1GavpzLwYkgVLWrZQ==}
    engines: {node: '>= 10'}
    dependencies:
      '@polka/url': 1.0.0-next.21
      mrmime: 1.0.1
      totalist: 1.1.0
    dev: true

  /sourcemap-codec@1.4.8:
    resolution: {integrity: sha512-9NykojV5Uih4lgo5So5dtw+f0JgJX30KCNI8gwhz2J9A15wD0Ml6tjHKwf6fTSa6fAdVBdZeNOs9eJ71qCk8vA==}
    deprecated: Please use @jridgewell/sourcemap-codec instead
    dev: true

  /svelte@3.49.0:
    resolution: {integrity: sha512-+lmjic1pApJWDfPCpUUTc1m8azDqYCG1JN9YEngrx/hUyIcFJo6VZhj0A1Ai0wqoHcEIuQy+e9tk+4uDgdtsFA==}
    engines: {node: '>= 8'}
    dev: true

  /tinydate@1.2.0:
    resolution: {integrity: sha512-3GwPk8VhDFnUZ2TrgkhXJs6hcMAIIw4x/xkz+ayK6dGoQmp2nUwKzBXK0WnMsqkh6vfUhpqQicQF3rbshfyJkg==}
    engines: {node: '>=4'}
    dev: true

  /totalist@1.1.0:
    resolution: {integrity: sha512-gduQwd1rOdDMGxFG1gEvhV88Oirdo2p+KjoYFU7k2g+i7n6AFFbDQ5kMPUsW0pNbfQsB/cwXvT1i4Bue0s9g5g==}
    engines: {node: '>=6'}
    dev: true

  /wrappy@1.0.2:
    resolution: {integrity: sha512-l4Sp/DRseor9wL6EvV2+TuQn63dMkPjZ/sp9XkghTEbV9KlPS1xUsZ3u7/IQO4wxtcFB4bgpQPRcR3QCvezPcQ==}
    dev: true
