dependencies:
  gun: 0.2020.401
devDependencies:
  '@rollup/plugin-commonjs': 11.0.2_rollup@2.3.3
  '@rollup/plugin-json': 4.0.2_rollup@2.3.3
  '@rollup/plugin-node-resolve': 7.1.1_rollup@2.3.3
  rollup: 2.3.3
  rollup-plugin-svelte: 5.2.1_rollup@2.3.3+svelte@3.20.1
  sirv-cli: 0.4.5
  svelte: 3.20.1
lockfileVersion: 5.1
packages:
  /@peculiar/asn1-schema/1.0.5:
    dependencies:
      asn1js: 2.0.26
      tslib: 1.11.1
    dev: false
    engines:
      node: '>=8.0.0'
    optional: true
    resolution:
      integrity: sha512-rzzorGYnQNmVHleLvC8gJSbbdNYtg+EB9s075dHvwpxs10teXHYnRmTWhCVuWjbSVSofwdm7IYPtMTWTbcNUWA==
  /@peculiar/json-schema/1.1.10:
    dependencies:
      tslib: 1.11.1
    dev: false
    engines:
      node: '>=8.0.0'
    optional: true
    resolution:
      integrity: sha512-kbpnG9CkF1y6wwGkW7YtSA+yYK4X5uk4rAwsd1hxiaYE3Hkw2EsGlbGh/COkMLyFf+Fe830BoFiMSB3QnC/ItA==
  /@peculiar/webcrypto/1.0.27:
    dependencies:
      '@peculiar/asn1-schema': 1.0.5
      '@peculiar/json-schema': 1.1.10
      pvtsutils: 1.0.10
      tslib: 1.11.1
      webcrypto-core: 1.0.19
    dev: false
    engines:
      node: '>=10.12.0'
    optional: true
    resolution:
      integrity: sha512-sERMakD19gNhwBVXGGoJjBfc28bDbd2YWaio7/x8jKtvwMKNuljM7ANQ6LzEkEvqFAyjf3bhBZktJ6UXy/0Plg==
  /@polka/url/0.5.0:
    dev: true
    resolution:
      integrity: sha512-oZLYFEAzUKyi3SKnXvj32ZCEGH6RDnao7COuCVhDydMS9NrCSVXhM79VaKyP5+Zc33m0QXEd2DN3UkU7OsHcfw==
  /@rollup/plugin-commonjs/11.0.2_rollup@2.3.3:
    dependencies:
      '@rollup/pluginutils': 3.0.8_rollup@2.3.3
      estree-walker: 1.0.1
      is-reference: 1.1.4
      magic-string: 0.25.7
      resolve: 1.15.1
      rollup: 2.3.3
    dev: true
    engines:
      node: '>= 8.0.0'
    peerDependencies:
      rollup: ^1.20.0
    resolution:
      integrity: sha512-MPYGZr0qdbV5zZj8/2AuomVpnRVXRU5XKXb3HVniwRoRCreGlf5kOE081isNWeiLIi6IYkwTX9zE0/c7V8g81g==
  /@rollup/plugin-json/4.0.2_rollup@2.3.3:
    dependencies:
      '@rollup/pluginutils': 3.0.8_rollup@2.3.3
      rollup: 2.3.3
    dev: true
    peerDependencies:
      rollup: ^1.20.0
    resolution:
      integrity: sha512-t4zJMc98BdH42mBuzjhQA7dKh0t4vMJlUka6Fz0c+iO5IVnWaEMiYBy1uBj9ruHZzXBW23IPDGL9oCzBkQ9Udg==
  /@rollup/plugin-node-resolve/7.1.1_rollup@2.3.3:
    dependencies:
      '@rollup/pluginutils': 3.0.8_rollup@2.3.3
      '@types/resolve': 0.0.8
      builtin-modules: 3.1.0
      is-module: 1.0.0
      resolve: 1.15.1
      rollup: 2.3.3
    dev: true
    engines:
      node: '>= 8.0.0'
    peerDependencies:
      rollup: ^1.20.0
    resolution:
      integrity: sha512-14ddhD7TnemeHE97a4rLOhobfYvUVcaYuqTnL8Ti7Jxi9V9Jr5LY7Gko4HZ5k4h4vqQM0gBQt6tsp9xXW94WPA==
  /@rollup/pluginutils/3.0.8_rollup@2.3.3:
    dependencies:
      estree-walker: 1.0.1
      rollup: 2.3.3
    dev: true
    engines:
      node: '>= 8.0.0'
    peerDependencies:
      rollup: ^1.20.0
    resolution:
      integrity: sha512-rYGeAc4sxcZ+kPG/Tw4/fwJODC3IXHYDH4qusdN/b6aLw5LPUbzpecYbEJh4sVQGPFJxd2dBU4kc1H3oy9/bnw==
  /@types/estree/0.0.39:
    dev: true
    resolution:
      integrity: sha512-EYNwp3bU+98cpU4lAWYYL7Zz+2gryWH1qbdDTidVd6hkiR6weksdbMadyXKXNPEkQFhXM+hVO9ZygomHXp+AIw==
  /@types/node/13.11.0:
    dev: true
    resolution:
      integrity: sha512-uM4mnmsIIPK/yeO+42F2RQhGUIs39K2RFmugcJANppXe6J1nvH87PvzPZYpza7Xhhs8Yn9yIAVdLZ84z61+0xQ==
  /@types/resolve/0.0.8:
    dependencies:
      '@types/node': 13.11.0
    dev: true
    resolution:
      integrity: sha512-auApPaJf3NPfe18hSoJkp8EbZzer2ISk7o8mCC3M9he/a04+gbMF97NkpD2S8riMGvm4BMRI59/SZQSaLTKpsQ==
  /@unimodules/core/5.1.0:
    dependencies:
      compare-versions: 3.6.0
    dev: false
    optional: true
    resolution:
      integrity: sha512-gaamGkJ4PVwusWEfsZyPo4uhrVWPDE0BmHc/lTYfkZCv2oIAswC7gG/ULRdtZpYdwnYqFIZng+WQxwuVrJUNDw==
  /@unimodules/react-native-adapter/5.2.0:
    dependencies:
      invariant: 2.2.4
      lodash: 4.17.15
      prop-types: 15.7.2
    dev: false
    optional: true
    peerDependencies:
      react-native: '*'
    resolution:
      integrity: sha512-S3HMEeQbV6xs7ORRcxXFGMk38DAnxqNcZG9T8JkX/KGY9ILUUqTS/e68+d849B6beEeglNMcOxyjwlqjykN+FA==
  /addressparser/0.3.2:
    dev: false
    optional: true
    resolution:
      integrity: sha1-WYc/Nej89sc2HBAjkmHXbhU0i7I=
  /asmcrypto.js/0.22.0:
    dev: false
    optional: true
    resolution:
      integrity: sha512-usgMoyXjMbx/ZPdzTSXExhMPur2FTdz/Vo5PVx2gIaBcdAAJNOFlsdgqveM8Cff7W0v+xrf9BwjOV26JSAF9qA==
  /asn1js/2.0.26:
    dependencies:
      pvutils: 1.0.17
    dev: false
    engines:
      node: '>=6.0.0'
    optional: true
    resolution:
      integrity: sha512-yG89F0j9B4B0MKIcFyWWxnpZPLaNTjCj4tkE3fjbAoo0qmpGw0PYYqSbX/4ebnd9Icn8ZgK4K1fvDyEtW1JYtQ==
  /b64-lite/1.4.0:
    dependencies:
      base-64: 0.1.0
    dev: false
    optional: true
    resolution:
      integrity: sha512-aHe97M7DXt+dkpa8fHlCcm1CnskAHrJqEfMI0KN7dwqlzml/aUe1AGt6lk51HzrSfVD67xOso84sOpr+0wIe2w==
  /b64u-lite/1.1.0:
    dependencies:
      b64-lite: 1.4.0
    dev: false
    optional: true
    resolution:
      integrity: sha512-929qWGDVCRph7gQVTC6koHqQIpF4vtVaSbwLltFQo44B1bYUquALswZdBKFfrJCPEnsCOvWkJsPdQYZ/Ukhw8A==
  /base-64/0.1.0:
    dev: false
    optional: true
    resolution:
      integrity: sha1-eAqZyE59YAJgNhURxId2E78k9rs=
  /base64-js/1.3.1:
    dev: false
    resolution:
      integrity: sha512-mLQ4i2QO1ytvGWFWmcngKO//JXAQueZvwEKtjgQFM4jIK0kU+ytMfplL8j+n5mspOfjHwoAg+9yhb7BwAHm36g==
  /buffer/5.5.0:
    dependencies:
      base64-js: 1.3.1
      ieee754: 1.1.13
    dev: false
    resolution:
      integrity: sha512-9FTEDjLjwoAkEwyMGDjYJQN2gfRgOKBKRfiglhvibGbpeeU/pQn1bJxQqm32OD/AIeEuHxU9roxXxg34Byp/Ww==
  /bufferutil/4.0.1:
    dependencies:
      node-gyp-build: 3.7.0
    dev: false
    requiresBuild: true
    resolution:
      integrity: sha512-xowrxvpxojqkagPcWRQVXZl0YXhRhAtBEIq3VoER1NH5Mw1n1o0ojdspp+GS2J//2gCVyrzQDApQ4unGF+QOoA==
  /builtin-modules/3.1.0:
    dev: true
    engines:
      node: '>=6'
    resolution:
      integrity: sha512-k0KL0aWZuBt2lrxrcASWDfwOLMnodeQjodT/1SxEQAXsHANgo6ZC/VEaSEHCXt7aSTZ4/4H5LKa+tBXmW7Vtvw==
  /compare-versions/3.6.0:
    dev: false
    optional: true
    resolution:
      integrity: sha512-W6Af2Iw1z4CB7q4uU4hv646dW9GQuBM+YpC0UvUCWSD8w90SJjp+ujJuXaEMtAXBtSqGfMPuFOVn4/+FlaqfBA==
  /console-clear/1.1.1:
    dev: true
    engines:
      node: '>=4'
    resolution:
      integrity: sha512-pMD+MVR538ipqkG5JXeOEbKWS5um1H4LUUccUQG68qpeqBYbzYy79Gh55jkd2TtPdRfUaLWdv6LPP//5Zt0aPQ==
  /emailjs-base64/1.1.4:
    dev: false
    optional: true
    resolution:
      integrity: sha512-4h0xp1jgVTnIQBHxSJWXWanNnmuc5o+k4aHEpcLXSToN8asjB5qbXAexs7+PEsUKcEyBteNYsSvXUndYT2CGGA==
  /emailjs-mime-codec/2.0.9:
    dependencies:
      emailjs-base64: 1.1.4
      ramda: 0.26.1
      text-encoding: 0.7.0
    dev: false
    optional: true
    resolution:
      integrity: sha512-7qJo4pFGcKlWh/kCeNjmcgj34YoJWY0ekZXEHYtluWg4MVBnXqGM4CRMtZQkfYwitOhUgaKN5EQktJddi/YIDQ==
  /emailjs/2.2.0:
    dependencies:
      addressparser: 0.3.2
      emailjs-mime-codec: 2.0.9
    dev: false
    optional: true
    resolution:
      integrity: sha1-ulsj5KSwpFEPZS6HOxVOlAe2ygM=
  /estree-walker/0.6.1:
    dev: true
    resolution:
      integrity: sha512-SqmZANLWS0mnatqbSfRP5g8OXZC12Fgg1IwNtLsyHDzJizORW4khDfjPqJZsemPWBB2uqykUah5YpQ6epsqC/w==
  /estree-walker/1.0.1:
    dev: true
    resolution:
      integrity: sha512-1fMXF3YP4pZZVozF8j/ZLfvnR8NSIljt56UhbZ5PeeDmmGHpgpdwQt7ITlGvYaQukCvuBRMLEiKiYC+oeIg4cg==
  /expo-random/8.1.0:
    dependencies:
      base64-js: 1.3.1
    dev: false
    optional: true
    resolution:
      integrity: sha512-9n2gg83Hpg3ErkKu+a3FFOGmaPIxaHn6RuzjW24xFckdfmnrAKtbs1aU1aAcmoL1kXPvDeufRSEV/3lW93u6ug==
  /fsevents/2.1.2:
    dev: true
    engines:
      node: ^8.16.0 || ^10.6.0 || >=11.0.0
    optional: true
    os:
      - darwin
    resolution:
      integrity: sha512-R4wDiBwZ0KzpgOWetKDug1FZcYhqYnUYKtfZYt4mD5SBz76q0KR4Q9o7GIPamsVPGmW3EYPPJ0dOOjvx32ldZA==
  /get-port/3.2.0:
    dev: true
    engines:
      node: '>=4'
    resolution:
      integrity: sha1-3Xzn3hh8Bsi/NTeWrHHgmfCYDrw=
  /gun/0.2020.401:
    dependencies:
      buffer: 5.5.0
      ws: 7.2.3_5290a7aab7631971258e1bd11475725e
    dev: false
    engines:
      node: '>=0.8.4'
    optionalDependencies:
      bufferutil: 4.0.1
      emailjs: 2.2.0
      isomorphic-webcrypto: 2.3.6
      text-encoding: 0.7.0
      utf-8-validate: 5.0.2
    resolution:
      integrity: sha512-CiNZGqEgMjoXXs/HYs0g3hnX+cetME1WbHzRrZlCiQpdVQsAOPsKff+nnyJVTuiM01BN8P86g6dBUtlh63cekA==
  /ieee754/1.1.13:
    dev: false
    resolution:
      integrity: sha512-4vf7I2LYV/HaWerSo3XmlMkp5eZ83i+/CDluXi/IGTs/O1sejBNhTtnxzmRZfvOUqj7lZjqHkeTvpgSFDlWZTg==
  /invariant/2.2.4:
    dependencies:
      loose-envify: 1.4.0
    dev: false
    optional: true
    resolution:
      integrity: sha512-phJfQVBuaJM5raOpJjSfkiD6BpbCE4Ns//LaXl6wGYtUBY83nWS6Rf9tXm2e8VaK60JEjYldbPif/A2B1C2gNA==
  /is-module/1.0.0:
    dev: true
    resolution:
      integrity: sha1-Mlj7afeMFNW4FdZkM2tM/7ZEFZE=
  /is-reference/1.1.4:
    dependencies:
      '@types/estree': 0.0.39
    dev: true
    resolution:
      integrity: sha512-uJA/CDPO3Tao3GTrxYn6AwkM4nUPJiGGYu5+cB8qbC7WGFlrKZbiRo7SFKxUAEpFUfiHofWCXBUNhvYJMh+6zw==
  /isomorphic-webcrypto/2.3.6:
    dependencies:
      '@peculiar/webcrypto': 1.0.27
      asmcrypto.js: 0.22.0
      b64-lite: 1.4.0
      b64u-lite: 1.1.0
      msrcrypto: 1.5.8
      str2buf: 1.3.0
      webcrypto-shim: 0.1.5
    dev: false
    optional: true
    optionalDependencies:
      '@unimodules/core': 5.1.0
      '@unimodules/react-native-adapter': 5.2.0
      expo-random: 8.1.0
      react-native-securerandom: 0.1.1
    resolution:
      integrity: sha512-d1prB3b0UMWOao5DK3+O2Dr5ZJCakzB5Q+2kCWNkNuM9ln7VB8TSw2SwUjbnErzg7cgsYja+VPQaeBtXEojpew==
  /js-tokens/4.0.0:
    dev: false
    optional: true
    resolution:
      integrity: sha512-RdJUflcE3cUzKiMqQgsCu06FPu9UdIJO0beYbPhHN4k6apgJtifcoCtT9bcxOpYBtpD2kCM6Sbzg4CausW/PKQ==
  /kleur/3.0.3:
    dev: true
    engines:
      node: '>=6'
    resolution:
      integrity: sha512-eTIzlVOSUR+JxdDFepEYcBMtZ9Qqdef+rnzWdRZuMbOywu5tO2w2N7rqjoANZ5k9vywhL6Br1VRjUIgTQx4E8w==
  /local-access/1.0.1:
    dev: true
    engines:
      node: '>=6'
    resolution:
      integrity: sha512-ykt2pgN0aqIy6KQC1CqdWTWkmUwNgaOS6dcpHVjyBJONA+Xi7AtSB1vuxC/U/0tjIP3wcRudwQk1YYzUvzk2bA==
  /lodash/4.17.15:
    dev: false
    optional: true
    resolution:
      integrity: sha512-8xOcRHvCjnocdS5cpwXQXVzmmh5e5+saE2QGoeQmbKmRS6J3VQppPOIt0MnmE+4xlZoumy0GPG0D0MVIQbNA1A==
  /loose-envify/1.4.0:
    dependencies:
      js-tokens: 4.0.0
    dev: false
    hasBin: true
    optional: true
    resolution:
      integrity: sha512-lyuxPGr/Wfhrlem2CL/UcnUc1zcqKAImBDzukY7Y5F/yQiNdko6+fRLevlw1HgMySw7f611UIY408EtxRSoK3Q==
  /magic-string/0.25.7:
    dependencies:
      sourcemap-codec: 1.4.8
    dev: true
    resolution:
      integrity: sha512-4CrMT5DOHTDk4HYDlzmwu4FVCcIYI8gauveasrdCu2IKIFOJ3f0v/8MDGJCDL9oD2ppz/Av1b0Nj345H9M+XIA==
  /mime/2.4.4:
    dev: true
    engines:
      node: '>=4.0.0'
    hasBin: true
    resolution:
      integrity: sha512-LRxmNwziLPT828z+4YkNzloCFC2YM4wrB99k+AV5ZbEyfGNWfG8SO1FUXLmLDBSo89NrJZ4DIWeLjy1CHGhMGA==
  /mri/1.1.5:
    dev: true
    engines:
      node: '>=4'
    resolution:
      integrity: sha512-d2RKzMD4JNyHMbnbWnznPaa8vbdlq/4pNZ3IgdaGrVbBhebBsGUUE/6qorTMYNS6TwuH3ilfOlD2bf4Igh8CKg==
  /msrcrypto/1.5.8:
    dev: false
    optional: true
    resolution:
      integrity: sha512-ujZ0TRuozHKKm6eGbKHfXef7f+esIhEckmThVnz7RNyiOJd7a6MXj2JGBoL9cnPDW+JMG16MoTUh5X+XXjI66Q==
  /node-gyp-build/3.7.0:
    dev: false
    hasBin: true
    resolution:
      integrity: sha512-L/Eg02Epx6Si2NXmedx+Okg+4UHqmaf3TNcxd50SF9NQGcJaON3AtU++kax69XV7YWz4tUspqZSAsVofhFKG2w==
  /object-assign/4.1.1:
    dev: false
    engines:
      node: '>=0.10.0'
    optional: true
    resolution:
      integrity: sha1-IQmtx5ZYh8/AXLvUQsrIv7s2CGM=
  /path-parse/1.0.6:
    dev: true
    resolution:
      integrity: sha512-GSmOT2EbHrINBf9SR7CDELwlJ8AENk3Qn7OikK4nFYAu3Ote2+JYNVvkpAEQm3/TLNEJFD/xZJjzyxg3KBWOzw==
  /prop-types/15.7.2:
    dependencies:
      loose-envify: 1.4.0
      object-assign: 4.1.1
      react-is: 16.13.1
    dev: false
    optional: true
    resolution:
      integrity: sha512-8QQikdH7//R2vurIJSutZ1smHYTcLpRWEOlHnzcWHmBYrOGUysKwSsrC89BCiFj3CbrfJ/nXFdJepOVrY1GCHQ==
  /pvtsutils/1.0.10:
    dependencies:
      tslib: 1.11.1
    dev: false
    optional: true
    resolution:
      integrity: sha512-8ZKQcxnZKTn+fpDh7wL4yKax5fdl3UJzT8Jv49djZpB/dzPxacyN1Sez90b6YLdOmvIr9vaySJ5gw4aUA1EdSw==
  /pvutils/1.0.17:
    dev: false
    engines:
      node: '>=6.0.0'
    optional: true
    resolution:
      integrity: sha512-wLHYUQxWaXVQvKnwIDWFVKDJku9XDCvyhhxoq8dc5MFdIlRenyPI9eSfEtcvgHgD7FlvCyGAlWgOzRnZD99GZQ==
  /ramda/0.26.1:
    dev: false
    optional: true
    resolution:
      integrity: sha512-hLWjpy7EnsDBb0p+Z3B7rPi3GDeRG5ZtiI33kJhTt+ORCd38AbAIjB/9zRIUoeTbE/AVX5ZkU7m6bznsvrf8eQ==
  /react-is/16.13.1:
    dev: false
    optional: true
    resolution:
      integrity: sha512-24e6ynE2H+OKt4kqsOvNd8kBpV65zoxbA4BVsEOB3ARVWQki/DHzaUoC5KuON/BiccDaCCTZBuOcfZs70kR8bQ==
  /react-native-securerandom/0.1.1:
    dependencies:
      base64-js: 1.3.1
    dev: false
    optional: true
    peerDependencies:
      react-native: '*'
    resolution:
      integrity: sha1-8TBiOkEsM4sK+t7bwgTFy7i/IHA=
  /require-relative/0.8.7:
    dev: true
    resolution:
      integrity: sha1-eZlTn8ngR6N5KPoZb44VY9q9Nt4=
  /resolve/1.15.1:
    dependencies:
      path-parse: 1.0.6
    dev: true
    resolution:
      integrity: sha512-84oo6ZTtoTUpjgNEr5SJyzQhzL72gaRodsSfyxC/AXRvwu0Yse9H8eF9IpGo7b8YetZhlI6v7ZQ6bKBFV/6S7w==
  /rollup-plugin-svelte/5.2.1_rollup@2.3.3+svelte@3.20.1:
    dependencies:
      require-relative: 0.8.7
      rollup: 2.3.3
      rollup-pluginutils: 2.8.2
      sourcemap-codec: 1.4.8
      svelte: 3.20.1
    dev: true
    peerDependencies:
      rollup: '>=0.60.0'
      svelte: '*'
    resolution:
      integrity: sha512-wc93cN66sRpX6uFljVFqvWT6NU3V5ab/uLXKt2UiARuexFU/ctolzkmdXM7WM5iKdTX9scToS9sabJTJV4DUMA==
  /rollup-pluginutils/2.8.2:
    dependencies:
      estree-walker: 0.6.1
    dev: true
    resolution:
      integrity: sha512-EEp9NhnUkwY8aif6bxgovPHMoMoNr2FulJziTndpt5H9RdwC47GSGuII9XxpSdzVGM0GWrNPHV6ie1LTNJPaLQ==
  /rollup/2.3.3:
    dev: true
    engines:
      node: '>=10.0.0'
    hasBin: true
    optionalDependencies:
      fsevents: 2.1.2
    resolution:
      integrity: sha512-uJ9VNWk80mb4wDCSfd1AyHoSc9TrWbkZtnO6wbsMTp9muSWkT26Dvc99MX1yGCOTvUN1Skw/KpFzKdUDuZKTXA==
  /sade/1.7.3:
    dependencies:
      mri: 1.1.5
    dev: true
    engines:
      node: '>= 6'
    resolution:
      integrity: sha512-m4BctppMvJ60W1dXnHq7jMmFe3hPJZDAH85kQ3ACTo7XZNVUuTItCQ+2HfyaMeV5cKrbw7l4vD/6We3GBxvdJw==
  /sirv-cli/0.4.5:
    dependencies:
      console-clear: 1.1.1
      get-port: 3.2.0
      kleur: 3.0.3
      local-access: 1.0.1
      sade: 1.7.3
      sirv: 0.4.2
      tinydate: 1.2.0
    dev: true
    engines:
      node: '>= 6'
    hasBin: true
    resolution:
      integrity: sha512-Fl6icSm0EwPrXSGid2xphMp//WNTSX2yENRAGnJuuZNmdc8LvE/BtdZD3MPn28ifAfDqTMwbB3dpcZojAIOiBg==
  /sirv/0.4.2:
    dependencies:
      '@polka/url': 0.5.0
      mime: 2.4.4
    dev: true
    engines:
      node: '>= 6'
    resolution:
      integrity: sha512-dQbZnsMaIiTQPZmbGmktz+c74zt/hyrJEB4tdp2Jj0RNv9J6B/OWR5RyrZEvIn9fyh9Zlg2OlE2XzKz6wMKGAw==
  /sourcemap-codec/1.4.8:
    dev: true
    resolution:
      integrity: sha512-9NykojV5Uih4lgo5So5dtw+f0JgJX30KCNI8gwhz2J9A15wD0Ml6tjHKwf6fTSa6fAdVBdZeNOs9eJ71qCk8vA==
  /str2buf/1.3.0:
    dev: false
    optional: true
    resolution:
      integrity: sha512-xIBmHIUHYZDP4HyoXGHYNVmxlXLXDrtFHYT0eV6IOdEj3VO9ccaF1Ejl9Oq8iFjITllpT8FhaXb4KsNmw+3EuA==
  /svelte/3.20.1:
    dev: true
    engines:
      node: '>= 8'
    resolution:
      integrity: sha512-m/dw52BZf+p6KYnyKLErIcGalu4pwJrQbUM7VZriRw6ZlJj1qMAZsLcIWzEB3I0hhdJwkKb7LrrvUIeqmbO92Q==
  /text-encoding/0.7.0:
    deprecated: no longer maintained
    dev: false
    optional: true
    resolution:
      integrity: sha512-oJQ3f1hrOnbRLOcwKz0Liq2IcrvDeZRHXhd9RgLrsT+DjWY/nty1Hi7v3dtkaEYbPYe0mUoOfzRrMwfXXwgPUA==
  /tinydate/1.2.0:
    dev: true
    engines:
      node: '>=4'
    resolution:
      integrity: sha512-3GwPk8VhDFnUZ2TrgkhXJs6hcMAIIw4x/xkz+ayK6dGoQmp2nUwKzBXK0WnMsqkh6vfUhpqQicQF3rbshfyJkg==
  /tslib/1.11.1:
    dev: false
    optional: true
    resolution:
      integrity: sha512-aZW88SY8kQbU7gpV19lN24LtXh/yD4ZZg6qieAJDDg+YBsJcSmLGK9QpnUjAKVG/xefmvJGd1WUmfpT/g6AJGA==
  /utf-8-validate/5.0.2:
    dependencies:
      node-gyp-build: 3.7.0
    dev: false
    requiresBuild: true
    resolution:
      integrity: sha512-SwV++i2gTD5qh2XqaPzBnNX88N6HdyhQrNNRykvcS0QKvItV9u3vPEJr+X5Hhfb1JC0r0e1alL0iB09rY8+nmw==
  /webcrypto-core/1.0.19:
    dependencies:
      '@peculiar/asn1-schema': 1.0.5
      '@peculiar/json-schema': 1.1.10
      asn1js: 2.0.26
      pvtsutils: 1.0.10
      tslib: 1.11.1
    dev: false
    optional: true
    resolution:
      integrity: sha512-6XHExtfMJrpkFDh9MiJ/y7ptX0dfZi0ogxFyelqxMu1eFowxivHfIp6DKzT+ZjU66xTuNfJkfkUk1bIB3tEOgA==
  /webcrypto-shim/0.1.5:
    dev: false
    optional: true
    resolution:
      integrity: sha512-mE+E00gulvbLjHaAwl0kph60oOLQRsKyivEFgV9DMM/3Y05F1vZvGq12hAcNzHRnYxyEOABBT/XMtwGSg5xA7A==
  /ws/7.2.3_5290a7aab7631971258e1bd11475725e:
    dependencies:
      bufferutil: 4.0.1
      utf-8-validate: 5.0.2
    dev: false
    engines:
      node: '>=8.3.0'
    peerDependencies:
      bufferutil: ^4.0.1
      utf-8-validate: ^5.0.2
    peerDependenciesMeta:
      bufferutil:
        optional: true
      utf-8-validate:
        optional: true
    resolution:
      integrity: sha512-HTDl9G9hbkNDk98naoR/cHDws7+EyYMOdL1BmjsZXRUjf7d+MficC4B7HLUPlSiho0vg+CWKrGIt/VJBd1xunQ==
specifiers:
  '@rollup/plugin-commonjs': ^11.0.2
  '@rollup/plugin-json': ^4.0.2
  '@rollup/plugin-node-resolve': ^7.1.1
  gun: ^0.2020.401
  rollup: ^2.3.2
  rollup-plugin-svelte: ^5.2.0
  sirv-cli: ^0.4.5
  svelte: ^3.20.1
